
Microsoft Visual Studio Solution File, Format Version 12.00
# Visual Studio 15
VisualStudioVersion = 15.0.27004.2009
MinimumVisualStudioVersion = 10.0.40219.1
Project("{FAE04EC0-301F-11D3-BF4B-00C04F79EFBC}") = "RoverNoIf", "RoverNoIf\RoverNoIf.csproj", "{F3945157-6CB6-4DF2-A898-6258EF586A9B}"
EndProject
Project("{FAE04EC0-301F-11D3-BF4B-00C04F79EFBC}") = "RoverNoIf.Unit.Tests", "RoverNoIf.Unit.Tests\RoverNoIf.Unit.Tests.csproj", "{CE5C0241-DBEF-4A5B-9EE3-276A06CCC9AE}"
EndProject
Global
	GlobalSection(SolutionConfigurationPlatforms) = preSolution
		Debug|Any CPU = Debug|Any CPU
		Release|Any CPU = Release|Any CPU
	EndGlobalSection
	GlobalSection(ProjectConfigurationPlatforms) = postSolution
		{F3945157-6CB6-4DF2-A898-6258EF586A9B}.Debug|Any CPU.ActiveCfg = Debug|Any CPU
		{F3945157-6CB6-4DF2-A898-6258EF586A9B}.Debug|Any CPU.Build.0 = Debug|Any CPU
		{F3945157-6CB6-4DF2-A898-6258EF586A9B}.Release|Any CPU.ActiveCfg = Release|Any CPU
		{F3945157-6CB6-4DF2-A898-6258EF586A9B}.Release|Any CPU.Build.0 = Release|Any CPU
		{CE5C0241-DBEF-4A5B-9EE3-276A06CCC9AE}.Debug|Any CPU.ActiveCfg = Debug|Any CPU
		{CE5C0241-DBEF-4A5B-9EE3-276A06CCC9AE}.Debug|Any CPU.Build.0 = Debug|Any CPU
		{CE5C0241-DBEF-4A5B-9EE3-276A06CCC9AE}.Release|Any CPU.ActiveCfg = Release|Any CPU
		{CE5C0241-DBEF-4A5B-9EE3-276A06CCC9AE}.Release|Any CPU.Build.0 = Release|Any CPU
	EndGlobalSection
	GlobalSection(SolutionProperties) = preSolution
		HideSolutionNode = FALSE
	EndGlobalSection
	GlobalSection(ExtensibilityGlobals) = postSolution
		SolutionGuid = {D44AE04C-5CBF-424B-979E-2B590FDC4638}
	EndGlobalSection
EndGlobal
